
Microsoft Visual Studio Solution File, Format Version 12.00
# Visual Studio Version 16
VisualStudioVersion = 16.0.30503.244
MinimumVisualStudioVersion = 10.0.40219.1
Project("{9A19103F-16F7-4668-BE54-9A1E7A4F7556}") = "BariProject", "BariProject\BariProject.csproj", "{299E52C6-8F97-41BA-886C-1AA6CD9C5AE0}"
EndProject
Project("{9A19103F-16F7-4668-BE54-9A1E7A4F7556}") = "BariProject.CrossCutting.SQS", "BariProject.CrossCutting.SQS\BariProject.CrossCutting.SQS.csproj", "{F9702C96-1259-43D3-973C-7C3F623AFA56}"
EndProject
Project("{9A19103F-16F7-4668-BE54-9A1E7A4F7556}") = "BariProject.Domain", "BariProject.Domain\BariProject.Domain.csproj", "{92C184B2-BA6A-4459-95D5-B660DC32C89F}"
EndProject
Project("{9A19103F-16F7-4668-BE54-9A1E7A4F7556}") = "BariProject.CrossCutting.IoC", "BariProject.CrossCutting.IoC\BariProject.CrossCutting.IoC.csproj", "{046DEF47-A28E-48F6-80F2-D863656A2167}"
EndProject
Project("{FAE04EC0-301F-11D3-BF4B-00C04F79EFBC}") = "BariProject.Application", "BariProject.Application\BariProject.Application.csproj", "{677318A8-F759-4525-935C-EE3E9C84BBF9}"
EndProject
Global
	GlobalSection(SolutionConfigurationPlatforms) = preSolution
		Debug|Any CPU = Debug|Any CPU
		Release|Any CPU = Release|Any CPU
	EndGlobalSection
	GlobalSection(ProjectConfigurationPlatforms) = postSolution
		{299E52C6-8F97-41BA-886C-1AA6CD9C5AE0}.Debug|Any CPU.ActiveCfg = Debug|Any CPU
		{299E52C6-8F97-41BA-886C-1AA6CD9C5AE0}.Debug|Any CPU.Build.0 = Debug|Any CPU
		{299E52C6-8F97-41BA-886C-1AA6CD9C5AE0}.Release|Any CPU.ActiveCfg = Release|Any CPU
		{299E52C6-8F97-41BA-886C-1AA6CD9C5AE0}.Release|Any CPU.Build.0 = Release|Any CPU
		{F9702C96-1259-43D3-973C-7C3F623AFA56}.Debug|Any CPU.ActiveCfg = Debug|Any CPU
		{F9702C96-1259-43D3-973C-7C3F623AFA56}.Debug|Any CPU.Build.0 = Debug|Any CPU
		{F9702C96-1259-43D3-973C-7C3F623AFA56}.Release|Any CPU.ActiveCfg = Release|Any CPU
		{F9702C96-1259-43D3-973C-7C3F623AFA56}.Release|Any CPU.Build.0 = Release|Any CPU
		{92C184B2-BA6A-4459-95D5-B660DC32C89F}.Debug|Any CPU.ActiveCfg = Debug|Any CPU
		{92C184B2-BA6A-4459-95D5-B660DC32C89F}.Debug|Any CPU.Build.0 = Debug|Any CPU
		{92C184B2-BA6A-4459-95D5-B660DC32C89F}.Release|Any CPU.ActiveCfg = Release|Any CPU
		{92C184B2-BA6A-4459-95D5-B660DC32C89F}.Release|Any CPU.Build.0 = Release|Any CPU
		{046DEF47-A28E-48F6-80F2-D863656A2167}.Debug|Any CPU.ActiveCfg = Debug|Any CPU
		{046DEF47-A28E-48F6-80F2-D863656A2167}.Debug|Any CPU.Build.0 = Debug|Any CPU
		{046DEF47-A28E-48F6-80F2-D863656A2167}.Release|Any CPU.ActiveCfg = Release|Any CPU
		{046DEF47-A28E-48F6-80F2-D863656A2167}.Release|Any CPU.Build.0 = Release|Any CPU
		{677318A8-F759-4525-935C-EE3E9C84BBF9}.Debug|Any CPU.ActiveCfg = Debug|Any CPU
		{677318A8-F759-4525-935C-EE3E9C84BBF9}.Debug|Any CPU.Build.0 = Debug|Any CPU
		{677318A8-F759-4525-935C-EE3E9C84BBF9}.Release|Any CPU.ActiveCfg = Release|Any CPU
		{677318A8-F759-4525-935C-EE3E9C84BBF9}.Release|Any CPU.Build.0 = Release|Any CPU
	EndGlobalSection
	GlobalSection(SolutionProperties) = preSolution
		HideSolutionNode = FALSE
	EndGlobalSection
	GlobalSection(ExtensibilityGlobals) = postSolution
		SolutionGuid = {FF176668-BCAD-4B30-BC55-7FFA37A61130}
	EndGlobalSection
EndGlobal
